
Microsoft Visual Studio Solution File, Format Version 12.00
# Visual Studio Version 16
VisualStudioVersion = 16.0.31702.278
MinimumVisualStudioVersion = 10.0.40219.1
Project("{FAE04EC0-301F-11D3-BF4B-00C04F79EFBC}") = "MyClient", "MyClient\MyClient.csproj", "{093953CC-0C1D-448B-BB11-37723969D46F}"
EndProject
Global
	GlobalSection(SolutionConfigurationPlatforms) = preSolution
		Debug|Any CPU = Debug|Any CPU
		Release|Any CPU = Release|Any CPU
	EndGlobalSection
	GlobalSection(ProjectConfigurationPlatforms) = postSolution
		{093953CC-0C1D-448B-BB11-37723969D46F}.Debug|Any CPU.ActiveCfg = Debug|Any CPU
		{093953CC-0C1D-448B-BB11-37723969D46F}.Debug|Any CPU.Build.0 = Debug|Any CPU
		{093953CC-0C1D-448B-BB11-37723969D46F}.Release|Any CPU.ActiveCfg = Release|Any CPU
		{093953CC-0C1D-448B-BB11-37723969D46F}.Release|Any CPU.Build.0 = Release|Any CPU
	EndGlobalSection
	GlobalSection(SolutionProperties) = preSolution
		HideSolutionNode = FALSE
	EndGlobalSection
	GlobalSection(ExtensibilityGlobals) = postSolution
		SolutionGuid = {7FAED930-0E4A-42A6-B2E9-2644BB5EAE88}
	EndGlobalSection
EndGlobal
